{
  "name": "Delta_BE",
  "lockfileVersion": 3,
  "requires": true,
  "packages": {
    "": {
      "dependencies": {
        "@minecraft/debug-utilities": "^1.0.0-beta.1.21.70-stable",
        "@minecraft/server": "^2.1.0-beta.1.21.90-stable",
        "@minecraft/server-admin": "^1.0.0-beta.1.21.70-stable",
        "@minecraft/server-gametest": "^1.0.0-beta.1.21.70-stable",
        "@minecraft/server-net": "^1.0.0-beta.1.21.70-stable",
        "@minecraft/server-ui": "^2.1.0-beta.1.21.90-stable",
        "@types/mojang-gametest": "^0.1.10",
        "@types/mojang-minecraft": "^0.1.11"
      }
    },
    "node_modules/@minecraft/common": {
      "version": "1.2.0",
      "resolved": "https://registry.npmjs.org/@minecraft/common/-/common-1.2.0.tgz",
      "integrity": "sha512-JdmEq4P3Z/FtoBzhLijFgMSVFnFRrUoLwY8DHHrgtFo0mfLTOLTB1RErYjLMsA6b7BGVNxkX/pfFRiH7QZ0XwQ==",
      "license": "MIT"
    },
    "node_modules/@minecraft/debug-utilities": {
      "version": "1.0.0-beta.1.21.70-stable",
      "resolved": "https://registry.npmjs.org/@minecraft/debug-utilities/-/debug-utilities-1.0.0-beta.1.21.70-stable.tgz",
      "integrity": "sha512-VZyT8sLpcO07Qq01kHf6lnYPOVKGxZXxUiI2klDnbTbOKv+JbujJeU2thyBnVQazcHjj1nytkgc1MdXsS9360Q==",
      "license": "MIT",
      "dependencies": {
        "@minecraft/common": "^1.0.0"
      }
    },
    "node_modules/@minecraft/server": {
      "version": "2.1.0-beta.1.21.90-stable",
      "resolved": "https://registry.npmjs.org/@minecraft/server/-/server-2.1.0-beta.1.21.90-stable.tgz",
      "integrity": "sha512-gh/CAx14MyY6phazjjOUOotp33Xi52ZSa1jZk1ptpAobDSni14bLooLNndOwfvijPp34WcbuNgJeCDg3tOkt3A==",
      "dependencies": {
        "@minecraft/common": "^1.1.0"
      },
      "peerDependencies": {
        "@minecraft/vanilla-data": ">=1.20.70"
      }
    },
    "node_modules/@minecraft/server-admin": {
      "version": "1.0.0-beta.1.21.70-stable",
      "resolved": "https://registry.npmjs.org/@minecraft/server-admin/-/server-admin-1.0.0-beta.1.21.70-stable.tgz",
      "integrity": "sha512-te4HK0c2UVB0M56RbOe38Els2fsCuZIact6LX5biDZ1RklKHLW6mr3V8jcCKqU+bGpa92hV6Fc8yqDEeFa7kBw==",
      "license": "MIT",
      "dependencies": {
        "@minecraft/common": "^1.0.0",
        "@minecraft/server": "^1.17.0 || ^2.0.0-beta.1.21.70-stable"
      }
    },
    "node_modules/@minecraft/server-admin/node_modules/@minecraft/server": {
      "version": "2.0.0",
      "resolved": "https://registry.npmjs.org/@minecraft/server/-/server-2.0.0.tgz",
      "integrity": "sha512-X2LmT82eO0oCjOFaFgg6zoGenAUSyrG+YvIbe7/FSPj9hpMt4BtOIs7axoQUUvMx2NNbq8uEsnQadMMrDDBmUA==",
      "dependencies": {
        "@minecraft/common": "^1.1.0"
      },
      "peerDependencies": {
        "@minecraft/vanilla-data": ">=1.20.70"
      }
    },
    "node_modules/@minecraft/server-gametest": {
      "version": "1.0.0-beta.1.21.70-stable",
      "resolved": "https://registry.npmjs.org/@minecraft/server-gametest/-/server-gametest-1.0.0-beta.1.21.70-stable.tgz",
      "integrity": "sha512-dx87s2d3Nt85gylG+D3MCwh2Itzpwv3/GimzVD0xE/j+5Tbws33/zr0BMeVqSS/hj7UBtXerMWslYnyyBJKVoA==",
      "license": "MIT",
      "dependencies": {
        "@minecraft/common": "^1.0.0",
        "@minecraft/server": "^1.17.0 || ^2.0.0-beta.1.21.70-stable"
      }
    },
    "node_modules/@minecraft/server-gametest/node_modules/@minecraft/server": {
      "version": "2.0.0",
      "resolved": "https://registry.npmjs.org/@minecraft/server/-/server-2.0.0.tgz",
      "integrity": "sha512-X2LmT82eO0oCjOFaFgg6zoGenAUSyrG+YvIbe7/FSPj9hpMt4BtOIs7axoQUUvMx2NNbq8uEsnQadMMrDDBmUA==",
      "dependencies": {
        "@minecraft/common": "^1.1.0"
      },
      "peerDependencies": {
        "@minecraft/vanilla-data": ">=1.20.70"
      }
    },
    "node_modules/@minecraft/server-net": {
      "version": "1.0.0-beta.1.21.70-stable",
      "resolved": "https://registry.npmjs.org/@minecraft/server-net/-/server-net-1.0.0-beta.1.21.70-stable.tgz",
      "integrity": "sha512-wSoOTwD7Ri1AkU1XWWUufQ4481DqGsBpMmO162oDW+HM5p0f0auruBCXALgjvE0qgqqQ1nWaYJYEvg92Uu/uNA==",
      "license": "MIT",
      "dependencies": {
        "@minecraft/common": "^1.0.0",
        "@minecraft/server": "^1.17.0 || ^2.0.0-beta.1.21.70-stable",
        "@minecraft/server-admin": "^1.0.0-beta.1.21.70-stable"
      }
    },
    "node_modules/@minecraft/server-net/node_modules/@minecraft/server": {
      "version": "2.0.0",
      "resolved": "https://registry.npmjs.org/@minecraft/server/-/server-2.0.0.tgz",
      "integrity": "sha512-X2LmT82eO0oCjOFaFgg6zoGenAUSyrG+YvIbe7/FSPj9hpMt4BtOIs7axoQUUvMx2NNbq8uEsnQadMMrDDBmUA==",
      "dependencies": {
        "@minecraft/common": "^1.1.0"
      },
      "peerDependencies": {
        "@minecraft/vanilla-data": ">=1.20.70"
      }
    },
    "node_modules/@minecraft/server-net/node_modules/@minecraft/server-admin": {
      "version": "1.0.0-beta.11940b24",
      "resolved": "https://registry.npmjs.org/@minecraft/server-admin/-/server-admin-1.0.0-beta.11940b24.tgz",
      "integrity": "sha512-UZ8YyB8mvF31f22+uM67gJums9d6NDgz9AQ2l4a++EHUP9uen0m3aaBaqM9RyumJpRBJbv/hslAKOyeDT01qew==",
      "license": "MIT"
    },
    "node_modules/@minecraft/server-ui": {
      "version": "2.1.0-beta.1.21.90-stable",
      "resolved": "https://registry.npmjs.org/@minecraft/server-ui/-/server-ui-2.1.0-beta.1.21.90-stable.tgz",
      "integrity": "sha512-chM2uPvf64NmC9399N9NGYv0MQEOjKuRyN5Xpxh9hGGya+QlyRPhqUmUH791lFOPrshfjl23G8dsISmLo60yJA==",
      "dependencies": {
        "@minecraft/common": "^1.0.0",
        "@minecraft/server": "^2.0.0"
      }
    },
    "node_modules/@minecraft/server-ui/node_modules/@minecraft/server": {
      "version": "2.0.0",
      "resolved": "https://registry.npmjs.org/@minecraft/server/-/server-2.0.0.tgz",
      "integrity": "sha512-X2LmT82eO0oCjOFaFgg6zoGenAUSyrG+YvIbe7/FSPj9hpMt4BtOIs7axoQUUvMx2NNbq8uEsnQadMMrDDBmUA==",
      "dependencies": {
        "@minecraft/common": "^1.1.0"
      },
      "peerDependencies": {
        "@minecraft/vanilla-data": ">=1.20.70"
      }
    },
    "node_modules/@minecraft/vanilla-data": {
      "version": "1.21.81",
      "resolved": "https://registry.npmjs.org/@minecraft/vanilla-data/-/vanilla-data-1.21.81.tgz",
      "integrity": "sha512-YODTWnkEiFc9VjKOGOuLXZZQpkLQw9EIsxAoHtBT+K8huDv5nWLheX5hc1Z9OqY/+iFaIT7ueJNfBbXW/WOF1A==",
      "license": "MIT",
      "peer": true
    },
    "node_modules/@types/mojang-gametest": {
      "version": "0.1.10",
      "resolved": "https://registry.npmjs.org/@types/mojang-gametest/-/mojang-gametest-0.1.10.tgz",
      "integrity": "sha512-yv040xKN2+Xz0+W6dZ08KPoHIcUXergBh0t1U5+Tbuc3e0zN+fwmlKqUVD/ODcCFOCkxD5Neu/UrT6lAOhsEFg==",
      "license": "MIT",
      "dependencies": {
        "@types/mojang-minecraft": "*"
      }
    },
    "node_modules/@types/mojang-minecraft": {
      "version": "0.1.11",
      "resolved": "https://registry.npmjs.org/@types/mojang-minecraft/-/mojang-minecraft-0.1.11.tgz",
      "integrity": "sha512-SlTQ5tCo1zt2qqoh4ROW3wMasoRwf1uu1PtMkoU3FsNnE9mNPQ4nESkSFhh+QLLOQFD984o4CGcBeAwJsV8LpA==",
      "license": "MIT"
    }
  }
}
